
Microsoft Visual Studio Solution File, Format Version 12.00
# Visual Studio Version 17
VisualStudioVersion = 17.14.36915.13 d17.14
MinimumVisualStudioVersion = 10.0.40219.1
Project("{8BC9CEB8-8B4A-11D0-8D11-00A0C91BC942}") = "26311052_HyeongukKim_GameProject", "26311052_HyeongukKim_GameProject.vcxproj", "{5AB7D5B5-7BAE-4BB5-84A8-C7FCFEB4CD24}"
EndProject
Global
	GlobalSection(SolutionConfigurationPlatforms) = preSolution
		Debug|x64 = Debug|x64
		Debug|x86 = Debug|x86
		Release|x64 = Release|x64
		Release|x86 = Release|x86
	EndGlobalSection
	GlobalSection(ProjectConfigurationPlatforms) = postSolution
		{5AB7D5B5-7BAE-4BB5-84A8-C7FCFEB4CD24}.Debug|x64.ActiveCfg = Debug|x64
		{5AB7D5B5-7BAE-4BB5-84A8-C7FCFEB4CD24}.Debug|x64.Build.0 = Debug|x64
		{5AB7D5B5-7BAE-4BB5-84A8-C7FCFEB4CD24}.Debug|x86.ActiveCfg = Debug|Win32
		{5AB7D5B5-7BAE-4BB5-84A8-C7FCFEB4CD24}.Debug|x86.Build.0 = Debug|Win32
		{5AB7D5B5-7BAE-4BB5-84A8-C7FCFEB4CD24}.Release|x64.ActiveCfg = Release|x64
		{5AB7D5B5-7BAE-4BB5-84A8-C7FCFEB4CD24}.Release|x64.Build.0 = Release|x64
		{5AB7D5B5-7BAE-4BB5-84A8-C7FCFEB4CD24}.Release|x86.ActiveCfg = Release|Win32
		{5AB7D5B5-7BAE-4BB5-84A8-C7FCFEB4CD24}.Release|x86.Build.0 = Release|Win32
	EndGlobalSection
	GlobalSection(SolutionProperties) = preSolution
		HideSolutionNode = FALSE
	EndGlobalSection
	GlobalSection(ExtensibilityGlobals) = postSolution
		SolutionGuid = {E2B95152-99C0-4D78-93B5-D27F90B53A42}
	EndGlobalSection
EndGlobal
